
Microsoft Visual Studio Solution File, Format Version 12.00
# Visual Studio Version 16
VisualStudioVersion = 16.0.29728.190
MinimumVisualStudioVersion = 10.0.40219.1
Project("{FAE04EC0-301F-11D3-BF4B-00C04F79EFBC}") = "Shop", "Shop\Shop.csproj", "{1C3A299B-5F06-4F28-8B76-BFAD2F34A961}"
EndProject
Global
	GlobalSection(SolutionConfigurationPlatforms) = preSolution
		Debug|Any CPU = Debug|Any CPU
		Release|Any CPU = Release|Any CPU
	EndGlobalSection
	GlobalSection(ProjectConfigurationPlatforms) = postSolution
		{1C3A299B-5F06-4F28-8B76-BFAD2F34A961}.Debug|Any CPU.ActiveCfg = Debug|Any CPU
		{1C3A299B-5F06-4F28-8B76-BFAD2F34A961}.Debug|Any CPU.Build.0 = Debug|Any CPU
		{1C3A299B-5F06-4F28-8B76-BFAD2F34A961}.Release|Any CPU.ActiveCfg = Release|Any CPU
		{1C3A299B-5F06-4F28-8B76-BFAD2F34A961}.Release|Any CPU.Build.0 = Release|Any CPU
	EndGlobalSection
	GlobalSection(SolutionProperties) = preSolution
		HideSolutionNode = FALSE
	EndGlobalSection
	GlobalSection(ExtensibilityGlobals) = postSolution
		SolutionGuid = {D925AC7E-EE09-4ABB-AE5A-F1B44D04135A}
	EndGlobalSection
EndGlobal
